
Microsoft Visual Studio Solution File, Format Version 12.00
# Visual Studio 2012
Project("{FAE04EC0-301F-11D3-BF4B-00C04F79EFBC}") = "ArithmeticCalculator", "ArithmeticCalculator\ArithmeticCalculator.csproj", "{A3B527A9-E210-4963-B4D5-EA42183E7039}"
EndProject
Project("{FAE04EC0-301F-11D3-BF4B-00C04F79EFBC}") = "ArithmeticCalculatorUnitTest", "ArithmeticCalculatorUnitTest\ArithmeticCalculatorUnitTest.csproj", "{59A5CDC0-AF2C-441A-92CB-2766FADEFE5A}"
EndProject
Project("{FAE04EC0-301F-11D3-BF4B-00C04F79EFBC}") = "ArithmeticCalculatorExample", "ArithmeticCalculatorExample\ArithmeticCalculatorExample.csproj", "{DEFEC113-9B79-455D-91C3-30C3514477F2}"
EndProject
Global
	GlobalSection(SolutionConfigurationPlatforms) = preSolution
		Debug|Any CPU = Debug|Any CPU
		Release|Any CPU = Release|Any CPU
	EndGlobalSection
	GlobalSection(ProjectConfigurationPlatforms) = postSolution
		{A3B527A9-E210-4963-B4D5-EA42183E7039}.Debug|Any CPU.ActiveCfg = Debug|Any CPU
		{A3B527A9-E210-4963-B4D5-EA42183E7039}.Debug|Any CPU.Build.0 = Debug|Any CPU
		{A3B527A9-E210-4963-B4D5-EA42183E7039}.Release|Any CPU.ActiveCfg = Release|Any CPU
		{A3B527A9-E210-4963-B4D5-EA42183E7039}.Release|Any CPU.Build.0 = Release|Any CPU
		{59A5CDC0-AF2C-441A-92CB-2766FADEFE5A}.Debug|Any CPU.ActiveCfg = Debug|Any CPU
		{59A5CDC0-AF2C-441A-92CB-2766FADEFE5A}.Debug|Any CPU.Build.0 = Debug|Any CPU
		{59A5CDC0-AF2C-441A-92CB-2766FADEFE5A}.Release|Any CPU.ActiveCfg = Release|Any CPU
		{59A5CDC0-AF2C-441A-92CB-2766FADEFE5A}.Release|Any CPU.Build.0 = Release|Any CPU
		{DEFEC113-9B79-455D-91C3-30C3514477F2}.Debug|Any CPU.ActiveCfg = Debug|Any CPU
		{DEFEC113-9B79-455D-91C3-30C3514477F2}.Debug|Any CPU.Build.0 = Debug|Any CPU
		{DEFEC113-9B79-455D-91C3-30C3514477F2}.Release|Any CPU.ActiveCfg = Release|Any CPU
		{DEFEC113-9B79-455D-91C3-30C3514477F2}.Release|Any CPU.Build.0 = Release|Any CPU
	EndGlobalSection
	GlobalSection(SolutionProperties) = preSolution
		HideSolutionNode = FALSE
	EndGlobalSection
EndGlobal
